
Microsoft Visual Studio Solution File, Format Version 12.00
# Visual Studio Version 17
VisualStudioVersion = 17.4.33213.308
MinimumVisualStudioVersion = 10.0.40219.1
Project("{FAE04EC0-301F-11D3-BF4B-00C04F79EFBC}") = "FDBL.Admin.UI", "FDBL.Admin.UI\FDBL.Admin.UI.csproj", "{8DAA976D-0F0A-45E2-8C3B-CAF2F5BE5274}"
EndProject
Project("{FAE04EC0-301F-11D3-BF4B-00C04F79EFBC}") = "FDBL.Common", "FDBL.Common\FDBL.Common.csproj", "{BA9FCA93-0F1C-4C76-878B-91BA3F369CF8}"
EndProject
Project("{FAE04EC0-301F-11D3-BF4B-00C04F79EFBC}") = "FDBL.Membership.Database", "FDBL.Membership.Database\FDBL.Membership.Database.csproj", "{892EC224-791D-49B0-B0D9-0888801222BC}"
EndProject
Project("{FAE04EC0-301F-11D3-BF4B-00C04F79EFBC}") = "FDBL.Membership.API", "FDBL.Membership.API\FDBL.Membership.API.csproj", "{748E9F97-544B-415A-980C-3C7AEC01A51E}"
EndProject
Global
	GlobalSection(SolutionConfigurationPlatforms) = preSolution
		Debug|Any CPU = Debug|Any CPU
		Release|Any CPU = Release|Any CPU
	EndGlobalSection
	GlobalSection(ProjectConfigurationPlatforms) = postSolution
		{8DAA976D-0F0A-45E2-8C3B-CAF2F5BE5274}.Debug|Any CPU.ActiveCfg = Debug|Any CPU
		{8DAA976D-0F0A-45E2-8C3B-CAF2F5BE5274}.Debug|Any CPU.Build.0 = Debug|Any CPU
		{8DAA976D-0F0A-45E2-8C3B-CAF2F5BE5274}.Release|Any CPU.ActiveCfg = Release|Any CPU
		{8DAA976D-0F0A-45E2-8C3B-CAF2F5BE5274}.Release|Any CPU.Build.0 = Release|Any CPU
		{BA9FCA93-0F1C-4C76-878B-91BA3F369CF8}.Debug|Any CPU.ActiveCfg = Debug|Any CPU
		{BA9FCA93-0F1C-4C76-878B-91BA3F369CF8}.Debug|Any CPU.Build.0 = Debug|Any CPU
		{BA9FCA93-0F1C-4C76-878B-91BA3F369CF8}.Release|Any CPU.ActiveCfg = Release|Any CPU
		{BA9FCA93-0F1C-4C76-878B-91BA3F369CF8}.Release|Any CPU.Build.0 = Release|Any CPU
		{892EC224-791D-49B0-B0D9-0888801222BC}.Debug|Any CPU.ActiveCfg = Debug|Any CPU
		{892EC224-791D-49B0-B0D9-0888801222BC}.Debug|Any CPU.Build.0 = Debug|Any CPU
		{892EC224-791D-49B0-B0D9-0888801222BC}.Release|Any CPU.ActiveCfg = Release|Any CPU
		{892EC224-791D-49B0-B0D9-0888801222BC}.Release|Any CPU.Build.0 = Release|Any CPU
		{748E9F97-544B-415A-980C-3C7AEC01A51E}.Debug|Any CPU.ActiveCfg = Debug|Any CPU
		{748E9F97-544B-415A-980C-3C7AEC01A51E}.Debug|Any CPU.Build.0 = Debug|Any CPU
		{748E9F97-544B-415A-980C-3C7AEC01A51E}.Release|Any CPU.ActiveCfg = Release|Any CPU
		{748E9F97-544B-415A-980C-3C7AEC01A51E}.Release|Any CPU.Build.0 = Release|Any CPU
	EndGlobalSection
	GlobalSection(SolutionProperties) = preSolution
		HideSolutionNode = FALSE
	EndGlobalSection
	GlobalSection(ExtensibilityGlobals) = postSolution
		SolutionGuid = {B7979C29-2A92-40FD-AC1B-295BAFE40ECF}
	EndGlobalSection
EndGlobal
